Microsoft Visual Studio Solution File, Format Version 10.00
# Visual Studio 2008
Project("{8BC9CEB8-8B4A-11D0-8D11-00A0C91BC942}") = "photopulse", "photopulse.vcproj", "{26DD52EB-DC60-4651-B816-51FB9FA9AA52}"
EndProject
Global
	GlobalSection(SolutionConfigurationPlatforms) = preSolution
		Debug|Win32 = Debug|Win32
		Release|Win32 = Release|Win32
	EndGlobalSection
	GlobalSection(ProjectConfigurationPlatforms) = postSolution
		{26DD52EB-DC60-4651-B816-51FB9FA9AA52}.Debug|Win32.ActiveCfg = Debug|Win32
		{26DD52EB-DC60-4651-B816-51FB9FA9AA52}.Debug|Win32.Build.0 = Debug|Win32
		{26DD52EB-DC60-4651-B816-51FB9FA9AA52}.Release|Win32.ActiveCfg = Release|Win32
		{26DD52EB-DC60-4651-B816-51FB9FA9AA52}.Release|Win32.Build.0 = Release|Win32
	EndGlobalSection
	GlobalSection(SolutionProperties) = preSolution
		HideSolutionNode = FALSE
	EndGlobalSection
EndGlobal
